<?xml version="1.0" encoding="utf-8"?>
<Project ToolsVersion="4.0" xmlns="http://schemas.microsoft.com/developer/msbuild/2003">
  <ItemGroup>
    <Filter Include="源文件">
      <UniqueIdentifier>{4FC737F1-C7A5-4376-A066-2A32D752A2FF}</UniqueIdentifier>
      <Extensions>cpp;c;cc;cxx;c++;cppm;ixx;def;odl;idl;hpj;bat;asm;asmx</Extensions>
    </Filter>
    <Filter Include="头文件">
      <UniqueIdentifier>{93995380-89BD-4b04-88EB-625FBE52EBFB}</UniqueIdentifier>
      <Extensions>h;hh;hpp;hxx;h++;hm;inl;inc;ipp;xsd</Extensions>
    </Filter>
    <Filter Include="资源文件">
      <UniqueIdentifier>{67DA6AB6-F800-4c08-8B7A-83BB121AAD01}</UniqueIdentifier>
      <Extensions>rc;ico;cur;bmp;dlg;rc2;rct;bin;rgs;gif;jpg;jpeg;jpe;resx;tiff;tif;png;wav;mfcribbon-ms</Extensions>
    </Filter>
    <Filter Include="common">
      <UniqueIdentifier>{449ac743-f4a9-4aca-9d8b-a423a694503a}</UniqueIdentifier>
    </Filter>
  </ItemGroup>
  <ItemGroup>
    <ClCompile Include="pch.cpp">
      <Filter>源文件</Filter>
    </ClCompile>
    <ClCompile Include="..\_common_files\FileLogEx.cpp">
      <Filter>common</Filter>
    </ClCompile>
    <ClCompile Include="..\_common_files\Markup.cpp">
      <Filter>common</Filter>
    </ClCompile>
    <ClCompile Include="..\_common_files\parseBaseParam.cpp">
      <Filter>common</Filter>
    </ClCompile>
    <ClCompile Include="..\_common_files\renderParam.cpp">
      <Filter>common</Filter>
    </ClCompile>
    <ClCompile Include="..\_common_files\ResolveXml.cpp">
      <Filter>common</Filter>
    </ClCompile>
    <ClCompile Include="..\_common_files\Util.cpp">
      <Filter>common</Filter>
    </ClCompile>
    <ClCompile Include="ColorProcess_interface.cpp">
      <Filter>源文件</Filter>
    </ClCompile>
    <ClCompile Include="ColorProcess_color_extract.cpp">
      <Filter>源文件</Filter>
    </ClCompile>
    <ClCompile Include="ColorProcess_color_transform.cpp">
      <Filter>源文件</Filter>
    </ClCompile>
  </ItemGroup>
  <ItemGroup>
    <None Include="res\ColorProcess.rc2">
      <Filter>资源文件</Filter>
    </None>
  </ItemGroup>
  <ItemGroup>
    <ClInclude Include="framework.h">
      <Filter>头文件</Filter>
    </ClInclude>
    <ClInclude Include="targetver.h">
      <Filter>头文件</Filter>
    </ClInclude>
    <ClInclude Include="Resource.h">
      <Filter>头文件</Filter>
    </ClInclude>
    <ClInclude Include="pch.h">
      <Filter>头文件</Filter>
    </ClInclude>
    <ClInclude Include="..\_common_files\commStu.h">
      <Filter>common</Filter>
    </ClInclude>
    <ClInclude Include="..\_common_files\errCode.h">
      <Filter>common</Filter>
    </ClInclude>
    <ClInclude Include="..\_common_files\FileLogEx.h">
      <Filter>common</Filter>
    </ClInclude>
    <ClInclude Include="..\_common_files\Markup.h">
      <Filter>common</Filter>
    </ClInclude>
    <ClInclude Include="..\_common_files\parseBaseParam.h">
      <Filter>common</Filter>
    </ClInclude>
    <ClInclude Include="..\_common_files\renderParam.h">
      <Filter>common</Filter>
    </ClInclude>
    <ClInclude Include="..\_common_files\ResolveXml.h">
      <Filter>common</Filter>
    </ClInclude>
    <ClInclude Include="..\_common_files\Util.h">
      <Filter>common</Filter>
    </ClInclude>
    <ClInclude Include="ColorProcess_interface.h">
      <Filter>头文件</Filter>
    </ClInclude>
    <ClInclude Include="ColorProcess_color_extract.h">
      <Filter>头文件</Filter>
    </ClInclude>
    <ClInclude Include="ColorProcess_color_transform.h">
      <Filter>头文件</Filter>
    </ClInclude>
  </ItemGroup>
  <ItemGroup>
    <ResourceCompile Include="ColorProcess.rc">
      <Filter>资源文件</Filter>
    </ResourceCompile>
  </ItemGroup>
</Project>